
Microsoft Visual Studio Solution File, Format Version 12.00
# Visual Studio 15
VisualStudioVersion = 15.0.28307.1022
MinimumVisualStudioVersion = 10.0.40219.1
Project("{9A19103F-16F7-4668-BE54-9A1E7A4F7556}") = "Snehix.Core.API", "Snehix.Core\Snehix.Core.API.csproj", "{7ADEA225-0485-4BC1-8909-7ED718A1E890}"
EndProject
Global
	GlobalSection(SolutionConfigurationPlatforms) = preSolution
		Debug|Any CPU = Debug|Any CPU
		Release|Any CPU = Release|Any CPU
	EndGlobalSection
	GlobalSection(ProjectConfigurationPlatforms) = postSolution
		{7ADEA225-0485-4BC1-8909-7ED718A1E890}.Debug|Any CPU.ActiveCfg = Debug|Any CPU
		{7ADEA225-0485-4BC1-8909-7ED718A1E890}.Debug|Any CPU.Build.0 = Debug|Any CPU
		{7ADEA225-0485-4BC1-8909-7ED718A1E890}.Release|Any CPU.ActiveCfg = Release|Any CPU
		{7ADEA225-0485-4BC1-8909-7ED718A1E890}.Release|Any CPU.Build.0 = Release|Any CPU
	EndGlobalSection
	GlobalSection(SolutionProperties) = preSolution
		HideSolutionNode = FALSE
	EndGlobalSection
	GlobalSection(ExtensibilityGlobals) = postSolution
		SolutionGuid = {7E0C8857-FD1D-4D2A-A515-E03191819C69}
	EndGlobalSection
EndGlobal
